
Microsoft Visual Studio Solution File, Format Version 12.00
# Visual Studio 2013
VisualStudioVersion = 12.0.21005.1
MinimumVisualStudioVersion = 10.0.40219.1
Project("{FAE04EC0-301F-11D3-BF4B-00C04F79EFBC}") = "ThreadPoolReadAsync", "ThreadPoolReadAsync\ThreadPoolReadAsync.csproj", "{BD4F30B7-17E4-4657-948A-C10A4C9CC265}"
EndProject
Project("{FAE04EC0-301F-11D3-BF4B-00C04F79EFBC}") = "ThreadPoolReadWait", "ThreadPoolReadWait\ThreadPoolReadWait.csproj", "{1B17C15D-590D-46EA-8D03-BF8153C4EA38}"
EndProject
Project("{FAE04EC0-301F-11D3-BF4B-00C04F79EFBC}") = "ThreadPoolBeginRead", "ThreadPoolBeginRead\ThreadPoolBeginRead.csproj", "{531B6CEE-A9BF-4A1D-8D80-8E3CBD25870A}"
EndProject
Project("{FAE04EC0-301F-11D3-BF4B-00C04F79EFBC}") = "ThreadPoolRead", "ThreadPoolRead\ThreadPoolRead.csproj", "{DCC5E535-AB73-4912-9777-302EB40FF613}"
EndProject
Project("{FAE04EC0-301F-11D3-BF4B-00C04F79EFBC}") = "BeginReadTest", "BeginReadTest\BeginReadTest.csproj", "{679DC063-8C12-4520-B6F7-42145B323745}"
EndProject
Project("{FAE04EC0-301F-11D3-BF4B-00C04F79EFBC}") = "ThreadPoolGetAwaiter", "ThreadPoolGetAwaiter\ThreadPoolGetAwaiter.csproj", "{05B4C38A-7BCE-43C9-8B9D-DE50B62C3559}"
EndProject
Project("{FAE04EC0-301F-11D3-BF4B-00C04F79EFBC}") = "ThreadPoolContinueWith", "ThreadPoolContinueWith\ThreadPoolContinueWith.csproj", "{EEFD5DD8-9C68-4AC2-AC9F-64FE1B0B7D9C}"
EndProject
Global
	GlobalSection(SolutionConfigurationPlatforms) = preSolution
		Debug|Any CPU = Debug|Any CPU
		Release|Any CPU = Release|Any CPU
	EndGlobalSection
	GlobalSection(ProjectConfigurationPlatforms) = postSolution
		{BD4F30B7-17E4-4657-948A-C10A4C9CC265}.Debug|Any CPU.ActiveCfg = Debug|Any CPU
		{BD4F30B7-17E4-4657-948A-C10A4C9CC265}.Debug|Any CPU.Build.0 = Debug|Any CPU
		{BD4F30B7-17E4-4657-948A-C10A4C9CC265}.Release|Any CPU.ActiveCfg = Release|Any CPU
		{BD4F30B7-17E4-4657-948A-C10A4C9CC265}.Release|Any CPU.Build.0 = Release|Any CPU
		{1B17C15D-590D-46EA-8D03-BF8153C4EA38}.Debug|Any CPU.ActiveCfg = Debug|Any CPU
		{1B17C15D-590D-46EA-8D03-BF8153C4EA38}.Debug|Any CPU.Build.0 = Debug|Any CPU
		{1B17C15D-590D-46EA-8D03-BF8153C4EA38}.Release|Any CPU.ActiveCfg = Release|Any CPU
		{1B17C15D-590D-46EA-8D03-BF8153C4EA38}.Release|Any CPU.Build.0 = Release|Any CPU
		{531B6CEE-A9BF-4A1D-8D80-8E3CBD25870A}.Debug|Any CPU.ActiveCfg = Debug|Any CPU
		{531B6CEE-A9BF-4A1D-8D80-8E3CBD25870A}.Debug|Any CPU.Build.0 = Debug|Any CPU
		{531B6CEE-A9BF-4A1D-8D80-8E3CBD25870A}.Release|Any CPU.ActiveCfg = Release|Any CPU
		{531B6CEE-A9BF-4A1D-8D80-8E3CBD25870A}.Release|Any CPU.Build.0 = Release|Any CPU
		{DCC5E535-AB73-4912-9777-302EB40FF613}.Debug|Any CPU.ActiveCfg = Debug|Any CPU
		{DCC5E535-AB73-4912-9777-302EB40FF613}.Debug|Any CPU.Build.0 = Debug|Any CPU
		{DCC5E535-AB73-4912-9777-302EB40FF613}.Release|Any CPU.ActiveCfg = Release|Any CPU
		{DCC5E535-AB73-4912-9777-302EB40FF613}.Release|Any CPU.Build.0 = Release|Any CPU
		{679DC063-8C12-4520-B6F7-42145B323745}.Debug|Any CPU.ActiveCfg = Debug|Any CPU
		{679DC063-8C12-4520-B6F7-42145B323745}.Debug|Any CPU.Build.0 = Debug|Any CPU
		{679DC063-8C12-4520-B6F7-42145B323745}.Release|Any CPU.ActiveCfg = Release|Any CPU
		{679DC063-8C12-4520-B6F7-42145B323745}.Release|Any CPU.Build.0 = Release|Any CPU
		{05B4C38A-7BCE-43C9-8B9D-DE50B62C3559}.Debug|Any CPU.ActiveCfg = Debug|Any CPU
		{05B4C38A-7BCE-43C9-8B9D-DE50B62C3559}.Debug|Any CPU.Build.0 = Debug|Any CPU
		{05B4C38A-7BCE-43C9-8B9D-DE50B62C3559}.Release|Any CPU.ActiveCfg = Release|Any CPU
		{05B4C38A-7BCE-43C9-8B9D-DE50B62C3559}.Release|Any CPU.Build.0 = Release|Any CPU
		{EEFD5DD8-9C68-4AC2-AC9F-64FE1B0B7D9C}.Debug|Any CPU.ActiveCfg = Debug|Any CPU
		{EEFD5DD8-9C68-4AC2-AC9F-64FE1B0B7D9C}.Debug|Any CPU.Build.0 = Debug|Any CPU
		{EEFD5DD8-9C68-4AC2-AC9F-64FE1B0B7D9C}.Release|Any CPU.ActiveCfg = Release|Any CPU
		{EEFD5DD8-9C68-4AC2-AC9F-64FE1B0B7D9C}.Release|Any CPU.Build.0 = Release|Any CPU
	EndGlobalSection
	GlobalSection(SolutionProperties) = preSolution
		HideSolutionNode = FALSE
	EndGlobalSection
EndGlobal
